// !$*UTF8*$!
{
	archiveVersion = 1;
	classes = {
	};
	objectVersion = 51;
	objects = {

/* Begin PBXBuildFile section */
		1078ADAD244B7667000C25DF /* AppDelegate.swift in Sources */ = {isa = PBXBuildFile; fileRef = 1078ADAC244B7667000C25DF /* AppDelegate.swift */; };
		1078ADAF244B7667000C25DF /* SceneDelegate.swift in Sources */ = {isa = PBXBuildFile; fileRef = 1078ADAE244B7667000C25DF /* SceneDelegate.swift */; };
		1078ADB4244B7667000C25DF /* Main.storyboard in Resources */ = {isa = PBXBuildFile; fileRef = 1078ADB2244B7667000C25DF /* Main.storyboard */; };
		1078ADB6244B766E000C25DF /* Assets.xcassets in Resources */ = {isa = PBXBuildFile; fileRef = 1078ADB5244B766E000C25DF /* Assets.xcassets */; };
		1078ADB9244B766E000C25DF /* LaunchScreen.storyboard in Resources */ = {isa = PBXBuildFile; fileRef = 1078ADB7244B766E000C25DF /* LaunchScreen.storyboard */; };
		1078ADC1244B7853000C25DF /* Photos.swift in Sources */ = {isa = PBXBuildFile; fileRef = 1078ADC0244B7853000C25DF /* Photos.swift */; };
		1078ADD0244B83E8000C25DF /* SearchViewController.swift in Sources */ = {isa = PBXBuildFile; fileRef = 1078ADCF244B83E8000C25DF /* SearchViewController.swift */; };
		1078ADD3244C948C000C25DF /* ImageCollectionViewCell.swift in Sources */ = {isa = PBXBuildFile; fileRef = 1078ADD2244C948C000C25DF /* ImageCollectionViewCell.swift */; };
		1078ADD5244C9A9B000C25DF /* HomeCollectionViewController.swift in Sources */ = {isa = PBXBuildFile; fileRef = 1078ADD4244C9A9B000C25DF /* HomeCollectionViewController.swift */; };
		1078AE0B244EE5FE000C25DF /* HeaderCollectionReusableView.swift in Sources */ = {isa = PBXBuildFile; fileRef = 1078AE0A244EE5FE000C25DF /* HeaderCollectionReusableView.swift */; };
		9B61C418B9AE36175ECB9757 /* Pods_flickr.framework in Frameworks */ = {isa = PBXBuildFile; fileRef = 2F3AC02529C5E4E40A58E542 /* Pods_flickr.framework */; };
/* End PBXBuildFile section */

/* Begin PBXFileReference section */
		1078ADA9244B7667000C25DF /* flickr.app */ = {isa = PBXFileReference; explicitFileType = wrapper.application; includeInIndex = 0; path = flickr.app; sourceTree = BUILT_PRODUCTS_DIR; };
		1078ADAC244B7667000C25DF /* AppDelegate.swift */ = {isa = PBXFileReference; lastKnownFileType = sourcecode.swift; path = AppDelegate.swift; sourceTree = "<group>"; };
		1078ADAE244B7667000C25DF /* SceneDelegate.swift */ = {isa = PBXFileReference; lastKnownFileType = sourcecode.swift; path = SceneDelegate.swift; sourceTree = "<group>"; };
		1078ADB3244B7667000C25DF /* Base */ = {isa = PBXFileReference; lastKnownFileType = file.storyboard; name = Base; path = Base.lproj/Main.storyboard; sourceTree = "<group>"; };
		1078ADB5244B766E000C25DF /* Assets.xcassets */ = {isa = PBXFileReference; lastKnownFileType = folder.assetcatalog; path = Assets.xcassets; sourceTree = "<group>"; };
		1078ADB8244B766E000C25DF /* Base */ = {isa = PBXFileReference; lastKnownFileType = file.storyboard; name = Base; path = Base.lproj/LaunchScreen.storyboard; sourceTree = "<group>"; };
		1078ADBA244B766E000C25DF /* Info.plist */ = {isa = PBXFileReference; lastKnownFileType = text.plist.xml; path = Info.plist; sourceTree = "<group>"; };
		1078ADC0244B7853000C25DF /* Photos.swift */ = {isa = PBXFileReference; lastKnownFileType = sourcecode.swift; path = Photos.swift; sourceTree = "<group>"; };
		1078ADCF244B83E8000C25DF /* SearchViewController.swift */ = {isa = PBXFileReference; lastKnownFileType = sourcecode.swift; path = SearchViewController.swift; sourceTree = "<group>"; };
		1078ADD2244C948C000C25DF /* ImageCollectionViewCell.swift */ = {isa = PBXFileReference; lastKnownFileType = sourcecode.swift; path = ImageCollectionViewCell.swift; sourceTree = "<group>"; };
		1078ADD4244C9A9B000C25DF /* HomeCollectionViewController.swift */ = {isa = PBXFileReference; lastKnownFileType = sourcecode.swift; path = HomeCollectionViewController.swift; sourceTree = "<group>"; };
		1078AE0A244EE5FE000C25DF /* HeaderCollectionReusableView.swift */ = {isa = PBXFileReference; lastKnownFileType = sourcecode.swift; path = HeaderCollectionReusableView.swift; sourceTree = "<group>"; };
		1078AE0E244F9516000C25DF /* objectiveflickr.framework */ = {isa = PBXFileReference; explicitFileType = wrapper.framework; path = objectiveflickr.framework; sourceTree = BUILT_PRODUCTS_DIR; };
		1078AE12244F95B1000C25DF /* CFNetwork.framework */ = {isa = PBXFileReference; lastKnownFileType = wrapper.framework; name = CFNetwork.framework; path = System/Library/Frameworks/CFNetwork.framework; sourceTree = SDKROOT; };
		2F3AC02529C5E4E40A58E542 /* Pods_flickr.framework */ = {isa = PBXFileReference; explicitFileType = wrapper.framework; includeInIndex = 0; path = Pods_flickr.framework; sourceTree = BUILT_PRODUCTS_DIR; };
		D4FED3F44A8FDF6ED1456C68 /* Pods-flickr.release.xcconfig */ = {isa = PBXFileReference; includeInIndex = 1; lastKnownFileType = text.xcconfig; name = "Pods-flickr.release.xcconfig"; path = "Target Support Files/Pods-flickr/Pods-flickr.release.xcconfig"; sourceTree = "<group>"; };
		EF7BF62AD40DEBD94464F088 /* Pods-flickr.debug.xcconfig */ = {isa = PBXFileReference; includeInIndex = 1; lastKnownFileType = text.xcconfig; name = "Pods-flickr.debug.xcconfig"; path = "Target Support Files/Pods-flickr/Pods-flickr.debug.xcconfig"; sourceTree = "<group>"; };
/* End PBXFileReference section */

/* Begin PBXFrameworksBuildPhase section */
		1078ADA6244B7667000C25DF /* Frameworks */ = {
			isa = PBXFrameworksBuildPhase;
			buildActionMask = 2147483647;
			files = (
				9B61C418B9AE36175ECB9757 /* Pods_flickr.framework in Frameworks */,
			);
			runOnlyForDeploymentPostprocessing = 0;
		};
/* End PBXFrameworksBuildPhase section */

/* Begin PBXGroup section */
		1078ADA0244B7667000C25DF = {
			isa = PBXGroup;
			children = (
				1078ADAB244B7667000C25DF /* flickr */,
				1078ADAA244B7667000C25DF /* Products */,
				8FC857D18920FD94C321DC90 /* Pods */,
				4D723F6ADDB59D0BA5473EA3 /* Frameworks */,
			);
			sourceTree = "<group>";
		};
		1078ADAA244B7667000C25DF /* Products */ = {
			isa = PBXGroup;
			children = (
				1078ADA9244B7667000C25DF /* flickr.app */,
			);
			name = Products;
			sourceTree = "<group>";
		};
		1078ADAB244B7667000C25DF /* flickr */ = {
			isa = PBXGroup;
			children = (
				1078ADBA244B766E000C25DF /* Info.plist */,
				1078ADAC244B7667000C25DF /* AppDelegate.swift */,
				1078ADAE244B7667000C25DF /* SceneDelegate.swift */,
				1078ADB7244B766E000C25DF /* LaunchScreen.storyboard */,
				1078ADB2244B7667000C25DF /* Main.storyboard */,
				1078ADFF244E2745000C25DF /* View */,
				1078ADFE244E26C3000C25DF /* Layout */,
				1078ADC5244B810F000C25DF /* View Controllers */,
				1078ADC2244B78AA000C25DF /* Model */,
				1078ADB5244B766E000C25DF /* Assets.xcassets */,
			);
			path = flickr;
			sourceTree = "<group>";
		};
		1078ADC2244B78AA000C25DF /* Model */ = {
			isa = PBXGroup;
			children = (
				1078ADC0244B7853000C25DF /* Photos.swift */,
			);
			path = Model;
			sourceTree = "<group>";
		};
		1078ADC5244B810F000C25DF /* View Controllers */ = {
			isa = PBXGroup;
			children = (
				1078ADCF244B83E8000C25DF /* SearchViewController.swift */,
				1078ADD4244C9A9B000C25DF /* HomeCollectionViewController.swift */,
			);
			path = "View Controllers";
			sourceTree = "<group>";
		};
		1078ADFE244E26C3000C25DF /* Layout */ = {
			isa = PBXGroup;
			children = (
			);
			path = Layout;
			sourceTree = "<group>";
		};
		1078ADFF244E2745000C25DF /* View */ = {
			isa = PBXGroup;
			children = (
				1078ADD2244C948C000C25DF /* ImageCollectionViewCell.swift */,
				1078AE0A244EE5FE000C25DF /* HeaderCollectionReusableView.swift */,
			);
			path = View;
			sourceTree = "<group>";
		};
		4D723F6ADDB59D0BA5473EA3 /* Frameworks */ = {
			isa = PBXGroup;
			children = (
				1078AE12244F95B1000C25DF /* CFNetwork.framework */,
				1078AE0E244F9516000C25DF /* objectiveflickr.framework */,
				2F3AC02529C5E4E40A58E542 /* Pods_flickr.framework */,
			);
			name = Frameworks;
			sourceTree = "<group>";
		};
		8FC857D18920FD94C321DC90 /* Pods */ = {
			isa = PBXGroup;
			children = (
				EF7BF62AD40DEBD94464F088 /* Pods-flickr.debug.xcconfig */,
				D4FED3F44A8FDF6ED1456C68 /* Pods-flickr.release.xcconfig */,
			);
			path = Pods;
			sourceTree = "<group>";
		};
/* End PBXGroup section */

/* Begin PBXNativeTarget section */
		1078ADA8244B7667000C25DF /* flickr */ = {
			isa = PBXNativeTarget;
			buildConfigurationList = 1078ADBD244B766E000C25DF /* Build configuration list for PBXNativeTarget "flickr" */;
			buildPhases = (
				E4462C536511353087A6670F /* [CP] Check Pods Manifest.lock */,
				1078ADA5244B7667000C25DF /* Sources */,
				1078ADA6244B7667000C25DF /* Frameworks */,
				1078ADA7244B7667000C25DF /* Resources */,
				2878CB20F9BB3E0D69AD8AFB /* [CP] Embed Pods Frameworks */,
			);
			buildRules = (
			);
			dependencies = (
			);
			name = flickr;
			productName = flickr;
			productReference = 1078ADA9244B7667000C25DF /* flickr.app */;
			productType = "com.apple.product-type.application";
		};
/* End PBXNativeTarget section */

/* Begin PBXProject section */
		1078ADA1244B7667000C25DF /* Project object */ = {
			isa = PBXProject;
			attributes = {
				LastSwiftUpdateCheck = 1140;
				LastUpgradeCheck = 1140;
				ORGANIZATIONNAME = "Devesh Tyagi";
				TargetAttributes = {
					1078ADA8244B7667000C25DF = {
						CreatedOnToolsVersion = 11.4;
					};
				};
			};
			buildConfigurationList = 1078ADA4244B7667000C25DF /* Build configuration list for PBXProject "flickr" */;
			compatibilityVersion = "Xcode 9.3";
			developmentRegion = en;
			hasScannedForEncodings = 0;
			knownRegions = (
				en,
				Base,
			);
			mainGroup = 1078ADA0244B7667000C25DF;
			productRefGroup = 1078ADAA244B7667000C25DF /* Products */;
			projectDirPath = "";
			projectRoot = "";
			targets = (
				1078ADA8244B7667000C25DF /* flickr */,
			);
		};
/* End PBXProject section */

/* Begin PBXResourcesBuildPhase section */
		1078ADA7244B7667000C25DF /* Resources */ = {
			isa = PBXResourcesBuildPhase;
			buildActionMask = 2147483647;
			files = (
				1078ADB9244B766E000C25DF /* LaunchScreen.storyboard in Resources */,
				1078ADB6244B766E000C25DF /* Assets.xcassets in Resources */,
				1078ADB4244B7667000C25DF /* Main.storyboard in Resources */,
			);
			runOnlyForDeploymentPostprocessing = 0;
		};
/* End PBXResourcesBuildPhase section */

/* Begin PBXShellScriptBuildPhase section */
		2878CB20F9BB3E0D69AD8AFB /* [CP] Embed Pods Frameworks */ = {
			isa = PBXShellScriptBuildPhase;
			buildActionMask = 2147483647;
			files = (
			);
			inputFileListPaths = (
				"${PODS_ROOT}/Target Support Files/Pods-flickr/Pods-flickr-frameworks-${CONFIGURATION}-input-files.xcfilelist",
			);
			name = "[CP] Embed Pods Frameworks";
			outputFileListPaths = (
				"${PODS_ROOT}/Target Support Files/Pods-flickr/Pods-flickr-frameworks-${CONFIGURATION}-output-files.xcfilelist",
			);
			runOnlyForDeploymentPostprocessing = 0;
			shellPath = /bin/sh;
			shellScript = "\"${PODS_ROOT}/Target Support Files/Pods-flickr/Pods-flickr-frameworks.sh\"\n";
			showEnvVarsInLog = 0;
		};
		E4462C536511353087A6670F /* [CP] Check Pods Manifest.lock */ = {
			isa = PBXShellScriptBuildPhase;
			buildActionMask = 2147483647;
			files = (
			);
			inputFileListPaths = (
			);
			inputPaths = (
				"${PODS_PODFILE_DIR_PATH}/Podfile.lock",
				"${PODS_ROOT}/Manifest.lock",
			);
			name = "[CP] Check Pods Manifest.lock";
			outputFileListPaths = (
			);
			outputPaths = (
				"$(DERIVED_FILE_DIR)/Pods-flickr-checkManifestLockResult.txt",
			);
			runOnlyForDeploymentPostprocessing = 0;
			shellPath = /bin/sh;
			shellScript = "diff \"${PODS_PODFILE_DIR_PATH}/Podfile.lock\" \"${PODS_ROOT}/Manifest.lock\" > /dev/null\nif [ $? != 0 ] ; then\n    # print error to STDERR\n    echo \"error: The sandbox is not in sync with the Podfile.lock. Run 'pod install' or update your CocoaPods installation.\" >&2\n    exit 1\nfi\n# This output is used by Xcode 'outputs' to avoid re-running this script phase.\necho \"SUCCESS\" > \"${SCRIPT_OUTPUT_FILE_0}\"\n";
			showEnvVarsInLog = 0;
		};
/* End PBXShellScriptBuildPhase section */

/* Begin PBXSourcesBuildPhase section */
		1078ADA5244B7667000C25DF /* Sources */ = {
			isa = PBXSourcesBuildPhase;
			buildActionMask = 2147483647;
			files = (
				1078AE0B244EE5FE000C25DF /* HeaderCollectionReusableView.swift in Sources */,
				1078ADD3244C948C000C25DF /* ImageCollectionViewCell.swift in Sources */,
				1078ADD0244B83E8000C25DF /* SearchViewController.swift in Sources */,
				1078ADAD244B7667000C25DF /* AppDelegate.swift in Sources */,
				1078ADAF244B7667000C25DF /* SceneDelegate.swift in Sources */,
				1078ADD5244C9A9B000C25DF /* HomeCollectionViewController.swift in Sources */,
				1078ADC1244B7853000C25DF /* Photos.swift in Sources */,
			);
			runOnlyForDeploymentPostprocessing = 0;
		};
/* End PBXSourcesBuildPhase section */

/* Begin PBXVariantGroup section */
		1078ADB2244B7667000C25DF /* Main.storyboard */ = {
			isa = PBXVariantGroup;
			children = (
				1078ADB3244B7667000C25DF /* Base */,
			);
			name = Main.storyboard;
			sourceTree = "<group>";
		};
		1078ADB7244B766E000C25DF /* LaunchScreen.storyboard */ = {
			isa = PBXVariantGroup;
			children = (
				1078ADB8244B766E000C25DF /* Base */,
			);
			name = LaunchScreen.storyboard;
			sourceTree = "<group>";
		};
/* End PBXVariantGroup section */

/* Begin XCBuildConfiguration section */
		1078ADBB244B766E000C25DF /* Debug */ = {
			isa = XCBuildConfiguration;
			buildSettings = {
				ALWAYS_SEARCH_USER_PATHS = NO;
				CLANG_ANALYZER_NONNULL = YES;
				CLANG_ANALYZER_NUMBER_OBJECT_CONVERSION = YES_AGGRESSIVE;
				CLANG_CXX_LANGUAGE_STANDARD = "gnu++14";
				CLANG_CXX_LIBRARY = "libc++";
				CLANG_ENABLE_MODULES = YES;
				CLANG_ENABLE_OBJC_ARC = YES;
				CLANG_ENABLE_OBJC_WEAK = YES;
				CLANG_WARN_BLOCK_CAPTURE_AUTORELEASING = YES;
				CLANG_WARN_BOOL_CONVERSION = YES;
				CLANG_WARN_COMMA = YES;
				CLANG_WARN_CONSTANT_CONVERSION = YES;
				CLANG_WARN_DEPRECATED_OBJC_IMPLEMENTATIONS = YES;
				CLANG_WARN_DIRECT_OBJC_ISA_USAGE = YES_ERROR;
				CLANG_WARN_DOCUMENTATION_COMMENTS = YES;
				CLANG_WARN_EMPTY_BODY = YES;
				CLANG_WARN_ENUM_CONVERSION = YES;
				CLANG_WARN_INFINITE_RECURSION = YES;
				CLANG_WARN_INT_CONVERSION = YES;
				CLANG_WARN_NON_LITERAL_NULL_CONVERSION = YES;
				CLANG_WARN_OBJC_IMPLICIT_RETAIN_SELF = YES;
				CLANG_WARN_OBJC_LITERAL_CONVERSION = YES;
				CLANG_WARN_OBJC_ROOT_CLASS = YES_ERROR;
				CLANG_WARN_RANGE_LOOP_ANALYSIS = YES;
				CLANG_WARN_STRICT_PROTOTYPES = YES;
				CLANG_WARN_SUSPICIOUS_MOVE = YES;
				CLANG_WARN_UNGUARDED_AVAILABILITY = YES_AGGRESSIVE;
				CLANG_WARN_UNREACHABLE_CODE = YES;
				CLANG_WARN__DUPLICATE_METHOD_MATCH = YES;
				COPY_PHASE_STRIP = NO;
				DEBUG_INFORMATION_FORMAT = dwarf;
				ENABLE_STRICT_OBJC_MSGSEND = YES;
				ENABLE_TESTABILITY = YES;
				GCC_C_LANGUAGE_STANDARD = gnu11;
				GCC_DYNAMIC_NO_PIC = NO;
				GCC_NO_COMMON_BLOCKS = YES;
				GCC_OPTIMIZATION_LEVEL = 0;
				GCC_PREPROCESSOR_DEFINITIONS = (
					"DEBUG=1",
					"$(inherited)",
				);
				GCC_WARN_64_TO_32_BIT_CONVERSION = YES;
				GCC_WARN_ABOUT_RETURN_TYPE = YES_ERROR;
				GCC_WARN_UNDECLARED_SELECTOR = YES;
				GCC_WARN_UNINITIALIZED_AUTOS = YES_AGGRESSIVE;
				GCC_WARN_UNUSED_FUNCTION = YES;
				GCC_WARN_UNUSED_VARIABLE = YES;
				IPHONEOS_DEPLOYMENT_TARGET = 13.4;
				MTL_ENABLE_DEBUG_INFO = INCLUDE_SOURCE;
				MTL_FAST_MATH = YES;
				ONLY_ACTIVE_ARCH = YES;
				SDKROOT = iphoneos;
				SWIFT_ACTIVE_COMPILATION_CONDITIONS = DEBUG;
				SWIFT_OPTIMIZATION_LEVEL = "-Onone";
			};
			name = Debug;
		};
		1078ADBC244B766E000C25DF /* Release */ = {
			isa = XCBuildConfiguration;
			buildSettings = {
				ALWAYS_SEARCH_USER_PATHS = NO;
				CLANG_ANALYZER_NONNULL = YES;
				CLANG_ANALYZER_NUMBER_OBJECT_CONVERSION = YES_AGGRESSIVE;
				CLANG_CXX_LANGUAGE_STANDARD = "gnu++14";
				CLANG_CXX_LIBRARY = "libc++";
				CLANG_ENABLE_MODULES = YES;
				CLANG_ENABLE_OBJC_ARC = YES;
				CLANG_ENABLE_OBJC_WEAK = YES;
				CLANG_WARN_BLOCK_CAPTURE_AUTORELEASING = YES;
				CLANG_WARN_BOOL_CONVERSION = YES;
				CLANG_WARN_COMMA = YES;
				CLANG_WARN_CONSTANT_CONVERSION = YES;
				CLANG_WARN_DEPRECATED_OBJC_IMPLEMENTATIONS = YES;
				CLANG_WARN_DIRECT_OBJC_ISA_USAGE = YES_ERROR;
				CLANG_WARN_DOCUMENTATION_COMMENTS = YES;
				CLANG_WARN_EMPTY_BODY = YES;
				CLANG_WARN_ENUM_CONVERSION = YES;
				CLANG_WARN_INFINITE_RECURSION = YES;
				CLANG_WARN_INT_CONVERSION = YES;
				CLANG_WARN_NON_LITERAL_NULL_CONVERSION = YES;
				CLANG_WARN_OBJC_IMPLICIT_RETAIN_SELF = YES;
				CLANG_WARN_OBJC_LITERAL_CONVERSION = YES;
				CLANG_WARN_OBJC_ROOT_CLASS = YES_ERROR;
				CLANG_WARN_RANGE_LOOP_ANALYSIS = YES;
				CLANG_WARN_STRICT_PROTOTYPES = YES;
				CLANG_WARN_SUSPICIOUS_MOVE = YES;
				CLANG_WARN_UNGUARDED_AVAILABILITY = YES_AGGRESSIVE;
				CLANG_WARN_UNREACHABLE_CODE = YES;
				CLANG_WARN__DUPLICATE_METHOD_MATCH = YES;
				COPY_PHASE_STRIP = NO;
				DEBUG_INFORMATION_FORMAT = "dwarf-with-dsym";
				ENABLE_NS_ASSERTIONS = NO;
				ENABLE_STRICT_OBJC_MSGSEND = YES;
				GCC_C_LANGUAGE_STANDARD = gnu11;
				GCC_NO_COMMON_BLOCKS = YES;
				GCC_WARN_64_TO_32_BIT_CONVERSION = YES;
				GCC_WARN_ABOUT_RETURN_TYPE = YES_ERROR;
				GCC_WARN_UNDECLARED_SELECTOR = YES;
				GCC_WARN_UNINITIALIZED_AUTOS = YES_AGGRESSIVE;
				GCC_WARN_UNUSED_FUNCTION = YES;
				GCC_WARN_UNUSED_VARIABLE = YES;
				IPHONEOS_DEPLOYMENT_TARGET = 13.4;
				MTL_ENABLE_DEBUG_INFO = NO;
				MTL_FAST_MATH = YES;
				SDKROOT = iphoneos;
				SWIFT_COMPILATION_MODE = wholemodule;
				SWIFT_OPTIMIZATION_LEVEL = "-O";
				VALIDATE_PRODUCT = YES;
			};
			name = Release;
		};
		1078ADBE244B766E000C25DF /* Debug */ = {
			isa = XCBuildConfiguration;
			baseConfigurationReference = EF7BF62AD40DEBD94464F088 /* Pods-flickr.debug.xcconfig */;
			buildSettings = {
				ASSETCATALOG_COMPILER_APPICON_NAME = AppIcon;
				CODE_SIGN_STYLE = Automatic;
				DEVELOPMENT_TEAM = 8HL6GD96GK;
				INFOPLIST_FILE = flickr/Info.plist;
				LD_RUNPATH_SEARCH_PATHS = (
					"$(inherited)",
					"@executable_path/Frameworks",
				);
				PRODUCT_BUNDLE_IDENTIFIER = deveshtyagi7.flickr;
				PRODUCT_NAME = "$(TARGET_NAME)";
				SWIFT_VERSION = 5.0;
				TARGETED_DEVICE_FAMILY = "1,2";
			};
			name = Debug;
		};
		1078ADBF244B766E000C25DF /* Release */ = {
			isa = XCBuildConfiguration;
			baseConfigurationReference = D4FED3F44A8FDF6ED1456C68 /* Pods-flickr.release.xcconfig */;
			buildSettings = {
				ASSETCATALOG_COMPILER_APPICON_NAME = AppIcon;
				CODE_SIGN_STYLE = Automatic;
				DEVELOPMENT_TEAM = 8HL6GD96GK;
				INFOPLIST_FILE = flickr/Info.plist;
				LD_RUNPATH_SEARCH_PATHS = (
					"$(inherited)",
					"@executable_path/Frameworks",
				);
				PRODUCT_BUNDLE_IDENTIFIER = deveshtyagi7.flickr;
				PRODUCT_NAME = "$(TARGET_NAME)";
				SWIFT_VERSION = 5.0;
				TARGETED_DEVICE_FAMILY = "1,2";
			};
			name = Release;
		};
/* End XCBuildConfiguration section */

/* Begin XCConfigurationList section */
		1078ADA4244B7667000C25DF /* Build configuration list for PBXProject "flickr" */ = {
			isa = XCConfigurationList;
			buildConfigurations = (
				1078ADBB244B766E000C25DF /* Debug */,
				1078ADBC244B766E000C25DF /* Release */,
			);
			defaultConfigurationIsVisible = 0;
			defaultConfigurationName = Release;
		};
		1078ADBD244B766E000C25DF /* Build configuration list for PBXNativeTarget "flickr" */ = {
			isa = XCConfigurationList;
			buildConfigurations = (
				1078ADBE244B766E000C25DF /* Debug */,
				1078ADBF244B766E000C25DF /* Release */,
			);
			defaultConfigurationIsVisible = 0;
			defaultConfigurationName = Release;
		};
/* End XCConfigurationList section */
	};
	rootObject = 1078ADA1244B7667000C25DF /* Project object */;
}
